
Microsoft Visual Studio Solution File, Format Version 12.00
# Visual Studio 15
VisualStudioVersion = 15.0.27703.2047
MinimumVisualStudioVersion = 10.0.40219.1
Project("{9A19103F-16F7-4668-BE54-9A1E7A4F7556}") = "SimpleMaybe.JsonNetSerialization", "SimpleMaybe.JsonNetSerialization\SimpleMaybe.JsonNetSerialization.csproj", "{83D63AB6-613B-477B-96C9-F1712CC800E4}"
EndProject
Project("{9A19103F-16F7-4668-BE54-9A1E7A4F7556}") = "SimpleMaybe.JsonNetSerialization.Tests", "SimpleMaybe.JsonNetSerialization.Tests\SimpleMaybe.JsonNetSerialization.Tests.csproj", "{E8B556B1-A4EA-4389-B169-DCE549CE62AC}"
EndProject
Project("{FAE04EC0-301F-11D3-BF4B-00C04F79EFBC}") = "SimpleMaybe.JsonNetSerialization.DocumentationExamples", "SimpleMaybe.JsonNetSerialization.DocumentationExamples\SimpleMaybe.JsonNetSerialization.DocumentationExamples.csproj", "{911051F6-560C-41B4-A071-411A5F632134}"
EndProject
Global
	GlobalSection(SolutionConfigurationPlatforms) = preSolution
		Debug|Any CPU = Debug|Any CPU
		Release|Any CPU = Release|Any CPU
	EndGlobalSection
	GlobalSection(ProjectConfigurationPlatforms) = postSolution
		{83D63AB6-613B-477B-96C9-F1712CC800E4}.Debug|Any CPU.ActiveCfg = Debug|Any CPU
		{83D63AB6-613B-477B-96C9-F1712CC800E4}.Debug|Any CPU.Build.0 = Debug|Any CPU
		{83D63AB6-613B-477B-96C9-F1712CC800E4}.Release|Any CPU.ActiveCfg = Release|Any CPU
		{83D63AB6-613B-477B-96C9-F1712CC800E4}.Release|Any CPU.Build.0 = Release|Any CPU
		{E8B556B1-A4EA-4389-B169-DCE549CE62AC}.Debug|Any CPU.ActiveCfg = Debug|Any CPU
		{E8B556B1-A4EA-4389-B169-DCE549CE62AC}.Debug|Any CPU.Build.0 = Debug|Any CPU
		{E8B556B1-A4EA-4389-B169-DCE549CE62AC}.Release|Any CPU.ActiveCfg = Release|Any CPU
		{E8B556B1-A4EA-4389-B169-DCE549CE62AC}.Release|Any CPU.Build.0 = Release|Any CPU
		{911051F6-560C-41B4-A071-411A5F632134}.Debug|Any CPU.ActiveCfg = Debug|Any CPU
		{911051F6-560C-41B4-A071-411A5F632134}.Debug|Any CPU.Build.0 = Debug|Any CPU
		{911051F6-560C-41B4-A071-411A5F632134}.Release|Any CPU.ActiveCfg = Release|Any CPU
		{911051F6-560C-41B4-A071-411A5F632134}.Release|Any CPU.Build.0 = Release|Any CPU
	EndGlobalSection
	GlobalSection(SolutionProperties) = preSolution
		HideSolutionNode = FALSE
	EndGlobalSection
	GlobalSection(ExtensibilityGlobals) = postSolution
		SolutionGuid = {67B2E7C0-664E-4CE8-9C9A-67C78480885D}
	EndGlobalSection
EndGlobal
